
Microsoft Visual Studio Solution File, Format Version 12.00
# Visual Studio Version 17
VisualStudioVersion = 17.14.36221.1 d17.14
MinimumVisualStudioVersion = 10.0.40219.1
Project("{FAE04EC0-301F-11D3-BF4B-00C04F79EFBC}") = "RdlcFromDdl", "RdlcFromDdl\RdlcFromDdl.csproj", "{2C937B87-2B07-411E-9ED4-0A7EA72A271F}"
EndProject
Global
	GlobalSection(SolutionConfigurationPlatforms) = preSolution
		Debug|Any CPU = Debug|Any CPU
		Release|Any CPU = Release|Any CPU
	EndGlobalSection
	GlobalSection(ProjectConfigurationPlatforms) = postSolution
		{2C937B87-2B07-411E-9ED4-0A7EA72A271F}.Debug|Any CPU.ActiveCfg = Debug|Any CPU
		{2C937B87-2B07-411E-9ED4-0A7EA72A271F}.Debug|Any CPU.Build.0 = Debug|Any CPU
		{2C937B87-2B07-411E-9ED4-0A7EA72A271F}.Release|Any CPU.ActiveCfg = Release|Any CPU
		{2C937B87-2B07-411E-9ED4-0A7EA72A271F}.Release|Any CPU.Build.0 = Release|Any CPU
	EndGlobalSection
	GlobalSection(SolutionProperties) = preSolution
		HideSolutionNode = FALSE
	EndGlobalSection
	GlobalSection(ExtensibilityGlobals) = postSolution
		SolutionGuid = {B2A786BB-4146-4760-8227-DF252771329F}
	EndGlobalSection
EndGlobal
